
Microsoft Visual Studio Solution File, Format Version 12.00
# Visual Studio Version 17
VisualStudioVersion = 17.9.34714.143
MinimumVisualStudioVersion = 10.0.40219.1
Project("{FAE04EC0-301F-11D3-BF4B-00C04F79EFBC}") = "ObtenerVariablesDeEntornoA_JSON", "ObtenerVariablesDeEntornoA_JSON\ObtenerVariablesDeEntornoA_JSON.csproj", "{F4EC1053-48D9-48DA-8330-0A9D077DA015}"
EndProject
Global
	GlobalSection(SolutionConfigurationPlatforms) = preSolution
		Debug|Any CPU = Debug|Any CPU
		Release|Any CPU = Release|Any CPU
	EndGlobalSection
	GlobalSection(ProjectConfigurationPlatforms) = postSolution
		{F4EC1053-48D9-48DA-8330-0A9D077DA015}.Debug|Any CPU.ActiveCfg = Debug|Any CPU
		{F4EC1053-48D9-48DA-8330-0A9D077DA015}.Debug|Any CPU.Build.0 = Debug|Any CPU
		{F4EC1053-48D9-48DA-8330-0A9D077DA015}.Release|Any CPU.ActiveCfg = Release|Any CPU
		{F4EC1053-48D9-48DA-8330-0A9D077DA015}.Release|Any CPU.Build.0 = Release|Any CPU
	EndGlobalSection
	GlobalSection(SolutionProperties) = preSolution
		HideSolutionNode = FALSE
	EndGlobalSection
	GlobalSection(ExtensibilityGlobals) = postSolution
		SolutionGuid = {80FECF9C-CB2D-4A88-81BA-978834BCAB11}
	EndGlobalSection
EndGlobal
